
Microsoft Visual Studio Solution File, Format Version 12.00
# Visual Studio Version 17
VisualStudioVersion = 17.9.34622.214
MinimumVisualStudioVersion = 10.0.40219.1
Project("{FAE04EC0-301F-11D3-BF4B-00C04F79EFBC}") = "DuAn1_Coffe", "DuAn1_Coffe\DuAn1_Coffe.csproj", "{EBFE0474-96B9-47F1-BBD5-C67B2261F246}"
EndProject
Global
	GlobalSection(SolutionConfigurationPlatforms) = preSolution
		Debug|Any CPU = Debug|Any CPU
		Release|Any CPU = Release|Any CPU
	EndGlobalSection
	GlobalSection(ProjectConfigurationPlatforms) = postSolution
		{EBFE0474-96B9-47F1-BBD5-C67B2261F246}.Debug|Any CPU.ActiveCfg = Debug|Any CPU
		{EBFE0474-96B9-47F1-BBD5-C67B2261F246}.Debug|Any CPU.Build.0 = Debug|Any CPU
		{EBFE0474-96B9-47F1-BBD5-C67B2261F246}.Release|Any CPU.ActiveCfg = Release|Any CPU
		{EBFE0474-96B9-47F1-BBD5-C67B2261F246}.Release|Any CPU.Build.0 = Release|Any CPU
	EndGlobalSection
	GlobalSection(SolutionProperties) = preSolution
		HideSolutionNode = FALSE
	EndGlobalSection
	GlobalSection(ExtensibilityGlobals) = postSolution
		SolutionGuid = {24B96A83-E6E6-4749-8E22-573685C680D9}
	EndGlobalSection
EndGlobal
