
Microsoft Visual Studio Solution File, Format Version 12.00
# Visual Studio Version 17
VisualStudioVersion = 17.9.34622.214
MinimumVisualStudioVersion = 10.0.40219.1
Project("{FAE04EC0-301F-11D3-BF4B-00C04F79EFBC}") = "Du_An_1_Caffe", "Du_An_1_Caffe\Du_An_1_Caffe.csproj", "{26A64794-31E5-439A-9EA8-A0F143318E9C}"
EndProject
Global
	GlobalSection(SolutionConfigurationPlatforms) = preSolution
		Debug|Any CPU = Debug|Any CPU
		Release|Any CPU = Release|Any CPU
	EndGlobalSection
	GlobalSection(ProjectConfigurationPlatforms) = postSolution
		{26A64794-31E5-439A-9EA8-A0F143318E9C}.Debug|Any CPU.ActiveCfg = Debug|Any CPU
		{26A64794-31E5-439A-9EA8-A0F143318E9C}.Debug|Any CPU.Build.0 = Debug|Any CPU
		{26A64794-31E5-439A-9EA8-A0F143318E9C}.Release|Any CPU.ActiveCfg = Release|Any CPU
		{26A64794-31E5-439A-9EA8-A0F143318E9C}.Release|Any CPU.Build.0 = Release|Any CPU
	EndGlobalSection
	GlobalSection(SolutionProperties) = preSolution
		HideSolutionNode = FALSE
	EndGlobalSection
	GlobalSection(ExtensibilityGlobals) = postSolution
		SolutionGuid = {A17DED05-7EAB-43A7-B09C-7FF3FC00D8BF}
	EndGlobalSection
EndGlobal
